{
  "requires": true,
  "lockfileVersion": 1,
  "dependencies": {
    "trackjs": {
      "version": "3.7.3",
      "resolved": "https://registry.npmjs.org/trackjs/-/trackjs-3.7.3.tgz",
      "integrity": "sha512-N4RuNdgKAlURgOrl+AfENtIN+Dv2ZhFwGromFvmypOP2EvJlrlOMN8DOrNkBSHX4MKTfAwhqBOexRG3l1mOD5Q=="
    }
  }
}
