{
    "_meta": {
        "hash": {
            "sha256": "a8ad7eaf33cc1481b26cfcba2ce80c8316c3d33501634e720117b5665e23522f"
        },
        "pipfile-spec": 6,
        "requires": {
            "python_version": "3.8"
        },
        "sources": [
            {
                "name": "pypi",
                "url": "https://pypi.org/simple",
                "verify_ssl": true
            }
        ]
    },
    "default": {
        "babel": {
            "hashes": [
                "sha256:1aac2ae2d0d8ea368fa90906567f5c08463d98ade155c0c4bfedd6a0f7160e38",
                "sha256:d670ea0b10f8b723672d3a6abeb87b565b244da220d76b4dba1b66269ec152d4"
            ],
            "version": "==2.8.0"
        },
        "django": {
            "hashes": [
                "sha256:84f370f6acedbe1f3c41e1a02de44ac206efda3355e427139ecb785b5f596d80",
                "sha256:e8fe3c2b2212dce6126becab7a693157f1a441a07b62ec994c046c76af5bb66d"
            ],
            "index": "pypi",
            "version": "==2.2.13"
        },
        "django-cors-headers": {
            "hashes": [
                "sha256:48d267c10d11d8e17805bf896071c0a3e8efb6f79f6634a90e6faac4c2f8a1a0",
                "sha256:73d654950b5f5e7e4f67c05183d2169d4f7518ceb87734eb0d68f9e43be59f1c"
            ],
            "index": "pypi",
            "version": "==3.3.0"
        },
        "django-extra-views": {
            "hashes": [
                "sha256:648d89fe1d2bc5da3aa0db5e1190c94ed1038d5861e01fc02e37876ff0bfee51"
            ],
            "version": "==0.11.0"
        },
        "django-haystack": {
            "hashes": [
                "sha256:8b54bcc926596765d0a3383d693bcdd76109c7abb6b2323b3984a39e3576028c"
            ],
            "version": "==2.8.1"
        },
        "django-oscar": {
            "hashes": [
                "sha256:44672aed6d2c78ac8084d265f22953bd7877b00d1c7964ea702ecaccae26bdcb",
                "sha256:48f0fba1fcd64f7bb0b0185658999e86e4504b1a0a54b36ecf71c88d85a1f803"
            ],
            "index": "pypi",
            "version": "==2.0.4"
        },
        "django-oscar-api": {
            "hashes": [
                "sha256:7ae7355066215a33a14cb355f176b1398c5c40746d0dc4115bc9cec80a4d344f",
                "sha256:815ed70203459ac13a8e6921e1f63d5ee9b08a6baea1370acdad93e8a5602fab"
            ],
            "index": "pypi",
            "version": "==2.0.2"
        },
        "django-phonenumber-field": {
            "hashes": [
                "sha256:08257904750d7329b2b11dd9d8d6b7ceb261980db555bb426d9900fa390e2a4c"
            ],
            "version": "==2.0.1"
        },
        "django-tables2": {
            "hashes": [
                "sha256:c5c979201b7a2f7e88f2784dcd478e0c809d3a2053dea576cb71ce51676bbf7a"
            ],
            "version": "==1.21.2"
        },
        "django-treebeard": {
            "hashes": [
                "sha256:83aebc34a9f06de7daaec330d858d1c47887e81be3da77e3541fe7368196dd8a"
            ],
            "version": "==4.3.1"
        },
        "django-widget-tweaks": {
            "hashes": [
                "sha256:9f91ca4217199b7671971d3c1f323a2bec71a0c27dec6260b3c006fa541bc489",
                "sha256:f80bff4a8a59b278bb277a405a76a8b9a884e4bae7a6c70e78a39c626cd1c836"
            ],
            "version": "==1.4.8"
        },
        "djangorestframework": {
            "hashes": [
                "sha256:05809fc66e1c997fd9a32ea5730d9f4ba28b109b9da71fccfa5ff241201fd0a4",
                "sha256:e782087823c47a26826ee5b6fa0c542968219263fb3976ec3c31edab23a4001f"
            ],
            "index": "pypi",
            "version": "==3.11.0"
        },
        "factory-boy": {
            "hashes": [
                "sha256:728df59b372c9588b83153facf26d3d28947fc750e8e3c95cefa9bed0e6394ee",
                "sha256:faf48d608a1735f0d0a3c9cbf536d64f9132b547dae7ba452c4d99a79e84a370"
            ],
            "version": "==2.12.0"
        },
        "faker": {
            "hashes": [
                "sha256:103c46b9701a151299c5bffe6fefcd4fb5fb04c3b5d06bee4952d36255d44ea2",
                "sha256:34ae397aef03a0a17910452f1e8430d57fa59e2d67b20e9b637218e8f7dd22b3"
            ],
            "version": "==4.1.0"
        },
        "model-bakery": {
            "hashes": [
                "sha256:44321cded0e130c31e3cdd7589f8c3d551e12e9ebcc8425aff800dfeaf91539a",
                "sha256:aea339f47aa3b044d1a6d62f54c04686285fa0397a05de29ec6809a2a6f9bdc5"
            ],
            "index": "pypi",
            "version": "==1.1.0"
        },
        "phonenumbers": {
            "hashes": [
                "sha256:3586f19abeb92aa6b539d7a4757cb507cf54efcd78224e895caf20fbdde07c26",
                "sha256:67199749bbc5cb7c3a09f623e29f23dc294df6582968841f1ca2acbc06faafc1"
            ],
            "version": "==8.12.5"
        },
        "pillow": {
            "hashes": [
                "sha256:04766c4930c174b46fd72d450674612ab44cca977ebbcc2dde722c6933290107",
                "sha256:0e2a3bceb0fd4e0cb17192ae506d5f082b309ffe5fc370a5667959c9b2f85fa3",
                "sha256:0f01e63c34f0e1e2580cc0b24e86a5ccbbfa8830909a52ee17624c4193224cd9",
                "sha256:12e4bad6bddd8546a2f9771485c7e3d2b546b458ae8ff79621214119ac244523",
                "sha256:1f694e28c169655c50bb89a3fa07f3b854d71eb47f50783621de813979ba87f3",
                "sha256:3d25dd8d688f7318dca6d8cd4f962a360ee40346c15893ae3b95c061cdbc4079",
                "sha256:4b02b9c27fad2054932e89f39703646d0c543f21d3cc5b8e05434215121c28cd",
                "sha256:9744350687459234867cbebfe9df8f35ef9e1538f3e729adbd8fde0761adb705",
                "sha256:a0b49960110bc6ff5fead46013bcb8825d101026d466f3a4de3476defe0fb0dd",
                "sha256:ae2b270f9a0b8822b98655cb3a59cdb1bd54a34807c6c56b76dd2e786c3b7db3",
                "sha256:b37bb3bd35edf53125b0ff257822afa6962649995cbdfde2791ddb62b239f891",
                "sha256:b532bcc2f008e96fd9241177ec580829dee817b090532f43e54074ecffdcd97f",
                "sha256:b67a6c47ed963c709ed24566daa3f95a18f07d3831334da570c71da53d97d088",
                "sha256:b943e71c2065ade6fef223358e56c167fc6ce31c50bc7a02dd5c17ee4338e8ac",
                "sha256:ccc9ad2460eb5bee5642eaf75a0438d7f8887d484490d5117b98edd7f33118b7",
                "sha256:d23e2aa9b969cf9c26edfb4b56307792b8b374202810bd949effd1c6e11ebd6d",
                "sha256:eaa83729eab9c60884f362ada982d3a06beaa6cc8b084cf9f76cae7739481dfa",
                "sha256:ee94fce8d003ac9fd206496f2707efe9eadcb278d94c271f129ab36aa7181344",
                "sha256:f455efb7a98557412dc6f8e463c1faf1f1911ec2432059fa3e582b6000fc90e2",
                "sha256:f46e0e024346e1474083c729d50de909974237c72daca05393ee32389dabe457",
                "sha256:f54be399340aa602066adb63a86a6a5d4f395adfdd9da2b9a0162ea808c7b276",
                "sha256:f784aad988f12c80aacfa5b381ec21fd3f38f851720f652b9f33facc5101cf4d"
            ],
            "version": "==7.1.2"
        },
        "purl": {
            "hashes": [
                "sha256:5ac0e85979da0172d80156701cb3eb9b1eff31f3b43e981ef6dc06251c53a3a4",
                "sha256:75141bef1e7fce943afda671663a97c792af01c81648026cd5b5c0dcc3b72b96"
            ],
            "version": "==1.5"
        },
        "python-dateutil": {
            "hashes": [
                "sha256:73ebfe9dbf22e832286dafa60473e4cd239f8592f699aa5adaf10050e6e1823c",
                "sha256:75bb3f31ea686f1197762692a9ee6a7550b59fc6ca3a1f4b5d7e32fb98e2da2a"
            ],
            "version": "==2.8.1"
        },
        "pytz": {
            "hashes": [
                "sha256:a494d53b6d39c3c6e44c3bec237336e14305e4f29bbf800b599253057fbb79ed",
                "sha256:c35965d010ce31b23eeb663ed3cc8c906275d6be1a34393a1d73a41febf4a048"
            ],
            "version": "==2020.1"
        },
        "six": {
            "hashes": [
                "sha256:30639c035cdb23534cd4aa2dd52c3bf48f06e5f4a941509c8bafd8ce11080259",
                "sha256:8b74bedcbbbaca38ff6d7491d76f2b06b3592611af620f8426e82dddb04a5ced"
            ],
            "version": "==1.15.0"
        },
        "sqlparse": {
            "hashes": [
                "sha256:022fb9c87b524d1f7862b3037e541f68597a730a8843245c349fc93e1643dc4e",
                "sha256:e162203737712307dfe78860cc56c8da8a852ab2ee33750e33aeadf38d12c548"
            ],
            "version": "==0.3.1"
        },
        "text-unidecode": {
            "hashes": [
                "sha256:1311f10e8b895935241623731c2ba64f4c455287888b18189350b67134a822e8",
                "sha256:bad6603bb14d279193107714b288be206cac565dfa49aa5b105294dd5c4aab93"
            ],
            "version": "==1.3"
        }
    },
    "develop": {}
}
